# This file is generated by running "yarn install" inside your project.
# Manual changes might be lost - proceed with caution!

__metadata:
  version: 8
  cacheKey: 10c0

"@emnapi/core@npm:1.11.1":
  version: 1.11.1
  resolution: "@emnapi/core@npm:1.11.1"
  dependencies:
    "@emnapi/wasi-threads": "npm:1.2.2"
    tslib: "npm:^2.4.0"
  checksum: 10c0/2c6defdac2d1d26090384655d7d6c9614fa553853b1760597686749e9375dc2aa0dae80a2615b81c254600f5d531d07d8466cde0d331a8caae64b93f3ca5937e
  languageName: node
  linkType: hard

"@emnapi/runtime@npm:1.11.1":
  version: 1.11.1
  resolution: "@emnapi/runtime@npm:1.11.1"
  dependencies:
    tslib: "npm:^2.4.0"
  checksum: 10c0/04332fb62076afc440aa23316c04bec42f584ca8b074e5507d08e2b33a47cbe0493b1aadb8f3c1057b64ae1e17f5bde1a7bc37f7facc9d0bc25c18197cbd366f
  languageName: node
  linkType: hard

"@emnapi/wasi-threads@npm:1.2.2":
  version: 1.2.2
  resolution: "@emnapi/wasi-threads@npm:1.2.2"
  dependencies:
    tslib: "npm:^2.4.0"
  checksum: 10c0/f0dc8269d6b20ae5a7c7b36e7a6a333452009d461038ef4febb29da2f3f78c1e2b1576d7e8970a5c5789ed3caedc1f80f5b0c2a5373bdaf8d03b20432bb55747
  languageName: node
  linkType: hard

"@isaacs/fs-minipass@npm:^4.0.0":
  version: 4.0.1
  resolution: "@isaacs/fs-minipass@npm:4.0.1"
  dependencies:
    minipass: "npm:^7.0.4"
  checksum: 10c0/c25b6dc1598790d5b55c0947a9b7d111cfa92594db5296c3b907e2f533c033666f692a3939eadac17b1c7c40d362d0b0635dc874cbfe3e70db7c2b07cc97a5d2
  languageName: node
  linkType: hard

"@napi-rs/wasm-runtime@npm:^1.1.6":
  version: 1.1.6
  resolution: "@napi-rs/wasm-runtime@npm:1.1.6"
  dependencies:
    "@tybys/wasm-util": "npm:^0.10.3"
  peerDependencies:
    "@emnapi/core": ^1.7.1
    "@emnapi/runtime": ^1.7.1
  checksum: 10c0/344518bf3ef65051dda4c00969f293aa4a21ab7dc7822b3f48519b17cd5eaa3f0bc34898d115d50ba59b1817a0cb905d46f7a7223c8249239cd14c28db388e10
  languageName: node
  linkType: hard

"@oh/queue@npm:@jsr/oh__queue@1.1.1":
  version: 1.1.1
  resolution: "@jsr/oh__queue@npm:1.1.1::__archiveUrl=https%3A%2F%2Fnpm.jsr.io%2F~%2F11%2F%40jsr%2Foh__queue%2F1.1.1.tgz"
  checksum: 10c0/a4d2f8914960211267f8a684c46b359b6d3ec93d1efe270fe552817cebf41ee503a436d49afc69a0c3e79905599d23a2e5742ef1187b51a22bd6b4313ff29de8
  languageName: node
  linkType: hard

"@openhotel/pixi-components@npm:0.1.9":
  version: 0.1.9
  resolution: "@openhotel/pixi-components@npm:0.1.9"
  dependencies:
    "@pixi/react": "npm:8.0.5"
    dayjs: "npm:1.11.13"
    pixi.js: "npm:8.19.0"
    react: "npm:19.2.3"
    react-dom: "npm:19.2.3"
    zustand: "npm:^5.0.3"
  checksum: 10c0/52540cdf633d831a0b2497bb37b6b9447f4c525605784fc95dfd01dfbadf2e0a8ab3cf95e027b3279314a8b1b9c02f2018bace9ee21062b3b19917b84ee1a31e
  languageName: node
  linkType: hard

"@oxc-project/types@npm:=0.139.0":
  version: 0.139.0
  resolution: "@oxc-project/types@npm:0.139.0"
  checksum: 10c0/ad57d1bee4b972ecf6784183da12ac6865edfff326bd83712fb75262b901868bc2b72d6fb502465a5f0dbaaded2910003f73365caf3821901dad565cc0b7fdf2
  languageName: node
  linkType: hard

"@pixi/colord@npm:^2.9.6":
  version: 2.9.6
  resolution: "@pixi/colord@npm:2.9.6"
  checksum: 10c0/513636a67140b8bb3292eb4a7a3a5303a394525410fe972ebfe1e5db3749f27f7c0f176e4c84fcb9ab0fa22ee1d8ce2a15b3e32db7021e65ac0561941d2933a3
  languageName: node
  linkType: hard

"@pixi/react@npm:8.0.5":
  version: 8.0.5
  resolution: "@pixi/react@npm:8.0.5"
  dependencies:
    its-fine: "npm:^2.0.0"
    react-reconciler: "npm:0.31.0"
  peerDependencies:
    pixi.js: ^8.2.6
    react: ">=19.0.0"
  checksum: 10c0/ca139da0f57c122d7db8cc71e94fcf009987b11efb2e940d96afb2f2501b518112c7d7336ddc4ceb03500358f5c510fe8480bd8c4935dc04e5554e03a885fad8
  languageName: node
  linkType: hard

"@rolldown/binding-android-arm64@npm:1.1.5":
  version: 1.1.5
  resolution: "@rolldown/binding-android-arm64@npm:1.1.5"
  conditions: os=android & cpu=arm64
  languageName: node
  linkType: hard

"@rolldown/binding-darwin-arm64@npm:1.1.5":
  version: 1.1.5
  resolution: "@rolldown/binding-darwin-arm64@npm:1.1.5"
  conditions: os=darwin & cpu=arm64
  languageName: node
  linkType: hard

"@rolldown/binding-darwin-x64@npm:1.1.5":
  version: 1.1.5
  resolution: "@rolldown/binding-darwin-x64@npm:1.1.5"
  conditions: os=darwin & cpu=x64
  languageName: node
  linkType: hard

"@rolldown/binding-freebsd-x64@npm:1.1.5":
  version: 1.1.5
  resolution: "@rolldown/binding-freebsd-x64@npm:1.1.5"
  conditions: os=freebsd & cpu=x64
  languageName: node
  linkType: hard

"@rolldown/binding-linux-arm-gnueabihf@npm:1.1.5":
  version: 1.1.5
  resolution: "@rolldown/binding-linux-arm-gnueabihf@npm:1.1.5"
  conditions: os=linux & cpu=arm
  languageName: node
  linkType: hard

"@rolldown/binding-linux-arm64-gnu@npm:1.1.5":
  version: 1.1.5
  resolution: "@rolldown/binding-linux-arm64-gnu@npm:1.1.5"
  conditions: os=linux & cpu=arm64 & libc=glibc
  languageName: node
  linkType: hard

"@rolldown/binding-linux-arm64-musl@npm:1.1.5":
  version: 1.1.5
  resolution: "@rolldown/binding-linux-arm64-musl@npm:1.1.5"
  conditions: os=linux & cpu=arm64 & libc=musl
  languageName: node
  linkType: hard

"@rolldown/binding-linux-ppc64-gnu@npm:1.1.5":
  version: 1.1.5
  resolution: "@rolldown/binding-linux-ppc64-gnu@npm:1.1.5"
  conditions: os=linux & cpu=ppc64 & libc=glibc
  languageName: node
  linkType: hard

"@rolldown/binding-linux-s390x-gnu@npm:1.1.5":
  version: 1.1.5
  resolution: "@rolldown/binding-linux-s390x-gnu@npm:1.1.5"
  conditions: os=linux & cpu=s390x & libc=glibc
  languageName: node
  linkType: hard

"@rolldown/binding-linux-x64-gnu@npm:1.1.5":
  version: 1.1.5
  resolution: "@rolldown/binding-linux-x64-gnu@npm:1.1.5"
  conditions: os=linux & cpu=x64 & libc=glibc
  languageName: node
  linkType: hard

"@rolldown/binding-linux-x64-musl@npm:1.1.5":
  version: 1.1.5
  resolution: "@rolldown/binding-linux-x64-musl@npm:1.1.5"
  conditions: os=linux & cpu=x64 & libc=musl
  languageName: node
  linkType: hard

"@rolldown/binding-openharmony-arm64@npm:1.1.5":
  version: 1.1.5
  resolution: "@rolldown/binding-openharmony-arm64@npm:1.1.5"
  conditions: os=openharmony & cpu=arm64
  languageName: node
  linkType: hard

"@rolldown/binding-wasm32-wasi@npm:1.1.5":
  version: 1.1.5
  resolution: "@rolldown/binding-wasm32-wasi@npm:1.1.5"
  dependencies:
    "@emnapi/core": "npm:1.11.1"
    "@emnapi/runtime": "npm:1.11.1"
    "@napi-rs/wasm-runtime": "npm:^1.1.6"
  conditions: cpu=wasm32
  languageName: node
  linkType: hard

"@rolldown/binding-win32-arm64-msvc@npm:1.1.5":
  version: 1.1.5
  resolution: "@rolldown/binding-win32-arm64-msvc@npm:1.1.5"
  conditions: os=win32 & cpu=arm64
  languageName: node
  linkType: hard

"@rolldown/binding-win32-x64-msvc@npm:1.1.5":
  version: 1.1.5
  resolution: "@rolldown/binding-win32-x64-msvc@npm:1.1.5"
  conditions: os=win32 & cpu=x64
  languageName: node
  linkType: hard

"@rolldown/pluginutils@npm:^1.0.0, @rolldown/pluginutils@npm:^1.0.1":
  version: 1.0.1
  resolution: "@rolldown/pluginutils@npm:1.0.1"
  checksum: 10c0/99d9b06d90196823e4d8c841f258db7a16e5dbba5824a2962b05d907b79f1ba929d56f22dd744fd530936e568c865ee56a719dc31e57e13bc0a8eb4764a8d8dd
  languageName: node
  linkType: hard

"@rollup/plugin-alias@npm:5.1.0":
  version: 5.1.0
  resolution: "@rollup/plugin-alias@npm:5.1.0"
  dependencies:
    slash: "npm:^4.0.0"
  peerDependencies:
    rollup: ^1.20.0||^2.0.0||^3.0.0||^4.0.0
  peerDependenciesMeta:
    rollup:
      optional: true
  checksum: 10c0/fcae5d711b66c098cd237e09e3000e7dec27cf8b0fa82f5a9cd437c4d8d9428194f51d12822b8593b49f3d9e51c6df6a583037cab35763d92555f9c7fcb0db3d
  languageName: node
  linkType: hard

"@thumbmarkjs/thumbmarkjs@npm:1.10.0":
  version: 1.10.0
  resolution: "@thumbmarkjs/thumbmarkjs@npm:1.10.0"
  checksum: 10c0/70b86ad292527856f35d6772d2567d03e3dd413962f3923a1fdffe3896dd1eadc50d6c7b56ed8f9aaf489ded8ac97f0fd1d7ea1b9a0e22a9d0c3389bb32b7359
  languageName: node
  linkType: hard

"@tybys/wasm-util@npm:^0.10.3":
  version: 0.10.3
  resolution: "@tybys/wasm-util@npm:0.10.3"
  dependencies:
    tslib: "npm:^2.4.0"
  checksum: 10c0/fd2bd2a79c6cd8c79ed1cf7a0fa375c64589264c88a27acaf9756d556b453ea222b62a4f68dd2fbb8b3a78b6bab3b1f4fb2431b6afc6aeda8344b53a521a1cd3
  languageName: node
  linkType: hard

"@types/earcut@npm:^3.0.0":
  version: 3.0.0
  resolution: "@types/earcut@npm:3.0.0"
  checksum: 10c0/3c03e66bebb9b2408934f3ba4c3e9de37847166047fd64c23efd1bb9e127ed9330a9c61b03f3dc6cee060cb3b7e0a19689ee983d08defc93ca387a17b96e9499
  languageName: node
  linkType: hard

"@types/gradient-parser@npm:^0.1.2":
  version: 0.1.5
  resolution: "@types/gradient-parser@npm:0.1.5"
  checksum: 10c0/8347fb24885aeb133421baec58d0eab4e8ec43d17f337bc4f1d23bde99ca5e87b82b44834eb00d71fd820503c530d4c75e4d9a98652e09b2f04b08fbc1057762
  languageName: node
  linkType: hard

"@types/js-cookie@npm:3.0.6":
  version: 3.0.6
  resolution: "@types/js-cookie@npm:3.0.6"
  checksum: 10c0/173afaf5ea9d86c22395b9d2a00b6adb0006dcfef165d6dcb0395cdc32f5a5dcf9c3c60f97194119963a15849b8f85121e1ae730b03e40bc0c29b84396ba22f9
  languageName: node
  linkType: hard

"@types/react-dom@npm:19.2.3":
  version: 19.2.3
  resolution: "@types/react-dom@npm:19.2.3"
  peerDependencies:
    "@types/react": ^19.2.0
  checksum: 10c0/b486ebe0f4e2fb35e2e108df1d8fc0927ca5d6002d5771e8a739de11239fe62d0e207c50886185253c99eb9dedfeeb956ea7429e5ba17f6693c7acb4c02f8cd1
  languageName: node
  linkType: hard

"@types/react-reconciler@npm:^0.28.9":
  version: 0.28.9
  resolution: "@types/react-reconciler@npm:0.28.9"
  peerDependencies:
    "@types/react": "*"
  checksum: 10c0/9fe71fa856aab2cd4742fe0416bdd4f5c82ecc05ef6451ee7fcb65a5efdf5fa588f5820fbe2a665b15371b0da3bfc4097f28bb6d450b9a834af2d0fc00f403bd
  languageName: node
  linkType: hard

"@types/react@npm:19.2.17":
  version: 19.2.17
  resolution: "@types/react@npm:19.2.17"
  dependencies:
    csstype: "npm:^3.2.2"
  checksum: 10c0/bc2c4af96b3e480604424de70d5ebda90c5f4b485df471858c0bc2d7d70364b606ec3c4d8579f94f01aa0c6c0591f56bcf14cba5689f5eea4b74250ccdc3a232
  languageName: node
  linkType: hard

"@vitejs/plugin-react@npm:6.0.3":
  version: 6.0.3
  resolution: "@vitejs/plugin-react@npm:6.0.3"
  dependencies:
    "@rolldown/pluginutils": "npm:^1.0.1"
  peerDependencies:
    "@rolldown/plugin-babel": ^0.1.7 || ^0.2.0
    babel-plugin-react-compiler: ^1.0.0
    vite: ^8.0.0
  peerDependenciesMeta:
    "@rolldown/plugin-babel":
      optional: true
    babel-plugin-react-compiler:
      optional: true
  checksum: 10c0/592a93178c0eec420759d529a2c964a7103860808f549f72993b96a38c287c929a0d371cacbd932c37ee2118b830348db752cc01a31d688c71d19d74567251fa
  languageName: node
  linkType: hard

"@webgpu/types@npm:^0.1.69":
  version: 0.1.71
  resolution: "@webgpu/types@npm:0.1.71"
  checksum: 10c0/79e83a6e3afc71e6034f85e4af848d6083c41d3275d192aadeea019b3555eb1b8757d99aaf6b4ec705a5392f3c82d1b117a7a6296bbae2c1d9b977f6861762cb
  languageName: node
  linkType: hard

"@xmldom/xmldom@npm:^0.8.13":
  version: 0.8.13
  resolution: "@xmldom/xmldom@npm:0.8.13"
  checksum: 10c0/06405ee6fffba631abf715a305ace338420ebcea8baf1317f19f2752f5c505952b7df45159908e7be8451a42faa54326b780616ab4d08242b20477b2973da24b
  languageName: node
  linkType: hard

"abbrev@npm:^5.0.0":
  version: 5.0.0
  resolution: "abbrev@npm:5.0.0"
  checksum: 10c0/8e88f5c798ea4562d28c5a3e9ad69e3879890bc5d695d8f2dffb8609be4c890aacc8f80ef4553fdd2c6a62d70c2ce8bc57b38074e383beb7487bdafa9ed42ea5
  languageName: node
  linkType: hard

"alea@npm:^1.0.1":
  version: 1.0.1
  resolution: "alea@npm:1.0.1"
  checksum: 10c0/ac06edd2cef0d839192aff16fc75ba71326e6408bdc50fad44d5ac709a6f63572564a77af8a6006db2de2335882395887a8a8d365192209e4361cff4a88055c7
  languageName: node
  linkType: hard

"chownr@npm:^3.0.0":
  version: 3.0.0
  resolution: "chownr@npm:3.0.0"
  checksum: 10c0/43925b87700f7e3893296c8e9c56cc58f926411cce3a6e5898136daaf08f08b9a8eb76d37d3267e707d0dcc17aed2e2ebdf5848c0c3ce95cf910a919935c1b10
  languageName: node
  linkType: hard

"csstype@npm:^3.2.2":
  version: 3.2.3
  resolution: "csstype@npm:3.2.3"
  checksum: 10c0/cd29c51e70fa822f1cecd8641a1445bed7063697469d35633b516e60fe8c1bde04b08f6c5b6022136bb669b64c63d4173af54864510fbb4ee23281801841a3ce
  languageName: node
  linkType: hard

"dayjs@npm:1.11.13":
  version: 1.11.13
  resolution: "dayjs@npm:1.11.13"
  checksum: 10c0/a3caf6ac8363c7dade9d1ee797848ddcf25c1ace68d9fe8678ecf8ba0675825430de5d793672ec87b24a69bf04a1544b176547b2539982275d5542a7955f35b7
  languageName: node
  linkType: hard

"dayjs@npm:1.11.21":
  version: 1.11.21
  resolution: "dayjs@npm:1.11.21"
  checksum: 10c0/bd97dfdc4bfea3c66268635690313828b386faa040fbc1f829ff42a2bd748b72c9d9b3c8f9616ce9e61fcb78923f1461a462c969c54b1084458ae1b715898fb0
  languageName: node
  linkType: hard

"detect-libc@npm:^2.0.3":
  version: 2.1.2
  resolution: "detect-libc@npm:2.1.2"
  checksum: 10c0/acc675c29a5649fa1fb6e255f993b8ee829e510b6b56b0910666949c80c364738833417d0edb5f90e4e46be17228b0f2b66a010513984e18b15deeeac49369c4
  languageName: node
  linkType: hard

"earcut@npm:^3.0.2":
  version: 3.2.3
  resolution: "earcut@npm:3.2.3"
  checksum: 10c0/38660ec1ce55eecbbbf11d5a0072934c9f33851527bf5e40923c6656c3a0c6b00bb449ae8f4b28f89a0b249fe18568e630a8ea9ee39ce2707a50a89531a2f995
  languageName: node
  linkType: hard

"env-paths@npm:^2.2.0":
  version: 2.2.1
  resolution: "env-paths@npm:2.2.1"
  checksum: 10c0/285325677bf00e30845e330eec32894f5105529db97496ee3f598478e50f008c5352a41a30e5e72ec9de8a542b5a570b85699cd63bd2bc646dbcb9f311d83bc4
  languageName: node
  linkType: hard

"eventemitter3@npm:^5.0.1":
  version: 5.0.4
  resolution: "eventemitter3@npm:5.0.4"
  checksum: 10c0/575b8cac8d709e1473da46f8f15ef311b57ff7609445a7c71af5cd42598583eee6f098fa7a593e30f27e94b8865642baa0689e8fa97c016f742abdb3b1bf6d9a
  languageName: node
  linkType: hard

"exponential-backoff@npm:^3.1.1":
  version: 3.1.3
  resolution: "exponential-backoff@npm:3.1.3"
  checksum: 10c0/77e3ae682b7b1f4972f563c6dbcd2b0d54ac679e62d5d32f3e5085feba20483cf28bd505543f520e287a56d4d55a28d7874299941faf637e779a1aa5994d1267
  languageName: node
  linkType: hard

"fdir@npm:^6.5.0":
  version: 6.5.0
  resolution: "fdir@npm:6.5.0"
  peerDependencies:
    picomatch: ^3 || ^4
  peerDependenciesMeta:
    picomatch:
      optional: true
  checksum: 10c0/e345083c4306b3aed6cb8ec551e26c36bab5c511e99ea4576a16750ddc8d3240e63826cc624f5ae17ad4dc82e68a253213b60d556c11bfad064b7607847ed07f
  languageName: node
  linkType: hard

"fsevents@npm:~2.3.3":
  version: 2.3.3
  resolution: "fsevents@npm:2.3.3"
  dependencies:
    node-gyp: "npm:latest"
  checksum: 10c0/a1f0c44595123ed717febbc478aa952e47adfc28e2092be66b8ab1635147254ca6cfe1df792a8997f22716d4cbafc73309899ff7bfac2ac3ad8cf2e4ecc3ec60
  conditions: os=darwin
  languageName: node
  linkType: hard

"fsevents@patch:fsevents@npm%3A~2.3.3#optional!builtin<compat/fsevents>":
  version: 2.3.3
  resolution: "fsevents@patch:fsevents@npm%3A2.3.3#optional!builtin<compat/fsevents>::version=2.3.3&hash=df0bf1"
  dependencies:
    node-gyp: "npm:latest"
  conditions: os=darwin
  languageName: node
  linkType: hard

"gifuct-js@npm:^2.1.2":
  version: 2.1.2
  resolution: "gifuct-js@npm:2.1.2"
  dependencies:
    js-binary-schema-parser: "npm:^2.0.3"
  checksum: 10c0/39521aabcb87b50c3e44b98c564bf229f33f9667809b643c719674a7bcc6b42eb9faa521be6575707ea5964ecf1613991b09295a7a389aa502b109d1ca303fcf
  languageName: node
  linkType: hard

"graceful-fs@npm:^4.2.6":
  version: 4.2.11
  resolution: "graceful-fs@npm:4.2.11"
  checksum: 10c0/386d011a553e02bc594ac2ca0bd6d9e4c22d7fa8cfbfc448a6d148c59ea881b092db9dbe3547ae4b88e55f1b01f7c4a2ecc53b310c042793e63aa44cf6c257f2
  languageName: node
  linkType: hard

"isexe@npm:^4.0.0":
  version: 4.0.0
  resolution: "isexe@npm:4.0.0"
  checksum: 10c0/5884815115bceac452877659a9c7726382531592f43dc29e5d48b7c4100661aed54018cb90bd36cb2eaeba521092570769167acbb95c18d39afdccbcca06c5ce
  languageName: node
  linkType: hard

"ismobilejs@npm:^1.1.1":
  version: 1.1.1
  resolution: "ismobilejs@npm:1.1.1"
  checksum: 10c0/3f15f3bd8fe2290bc2f7398c95ceee7525db7d8cf76b8def201c19c49b3a37be33d9ecedc4e316aadcc67a70859ae491981e07cf998db1ec3e5ad0df905bc16a
  languageName: node
  linkType: hard

"its-fine@npm:^2.0.0":
  version: 2.0.0
  resolution: "its-fine@npm:2.0.0"
  dependencies:
    "@types/react-reconciler": "npm:^0.28.9"
  peerDependencies:
    react: ^19.0.0
  checksum: 10c0/1ff1ff3257c0c7eb115c9c26cf0506eb84162edc1a63d3136780d146f7c7833298b240d0fcb46888909773f1a7d16539e0c03f2482cff1a5a502d6436686fe21
  languageName: node
  linkType: hard

"js-binary-schema-parser@npm:^2.0.3":
  version: 2.0.3
  resolution: "js-binary-schema-parser@npm:2.0.3"
  checksum: 10c0/0acf895918974d95f5c8c432486d23b6257c555c8a3efff1e4f6a72818877b40c2467bcb2fbd79e519b9c34612526b3595f805eb294e19f48f68f6aa9ee8469e
  languageName: node
  linkType: hard

"js-cookie@npm:3.0.8":
  version: 3.0.8
  resolution: "js-cookie@npm:3.0.8"
  checksum: 10c0/421912a4a55535bda32b3059835864e1182c3af5b4516df00a060edc1fa5a53d38bb8d5a91d5d305e396206f4fd11e829f17850aa5aa8164118c04d8ebf1ff5d
  languageName: node
  linkType: hard

"layerr@npm:^3.0.0":
  version: 3.0.0
  resolution: "layerr@npm:3.0.0"
  checksum: 10c0/320c9b9cf1392c73c9ff8f8d1bb7a782093ac7341fe5d7fea6ebfeea6d785af8e0fc573541431b6ffcb268577f8aea66168757e73a15035568a00ab9e4370705
  languageName: node
  linkType: hard

"lightningcss-android-arm64@npm:1.32.0":
  version: 1.32.0
  resolution: "lightningcss-android-arm64@npm:1.32.0"
  conditions: os=android & cpu=arm64
  languageName: node
  linkType: hard

"lightningcss-darwin-arm64@npm:1.32.0":
  version: 1.32.0
  resolution: "lightningcss-darwin-arm64@npm:1.32.0"
  conditions: os=darwin & cpu=arm64
  languageName: node
  linkType: hard

"lightningcss-darwin-x64@npm:1.32.0":
  version: 1.32.0
  resolution: "lightningcss-darwin-x64@npm:1.32.0"
  conditions: os=darwin & cpu=x64
  languageName: node
  linkType: hard

"lightningcss-freebsd-x64@npm:1.32.0":
  version: 1.32.0
  resolution: "lightningcss-freebsd-x64@npm:1.32.0"
  conditions: os=freebsd & cpu=x64
  languageName: node
  linkType: hard

"lightningcss-linux-arm-gnueabihf@npm:1.32.0":
  version: 1.32.0
  resolution: "lightningcss-linux-arm-gnueabihf@npm:1.32.0"
  conditions: os=linux & cpu=arm
  languageName: node
  linkType: hard

"lightningcss-linux-arm64-gnu@npm:1.32.0":
  version: 1.32.0
  resolution: "lightningcss-linux-arm64-gnu@npm:1.32.0"
  conditions: os=linux & cpu=arm64 & libc=glibc
  languageName: node
  linkType: hard

"lightningcss-linux-arm64-musl@npm:1.32.0":
  version: 1.32.0
  resolution: "lightningcss-linux-arm64-musl@npm:1.32.0"
  conditions: os=linux & cpu=arm64 & libc=musl
  languageName: node
  linkType: hard

"lightningcss-linux-x64-gnu@npm:1.32.0":
  version: 1.32.0
  resolution: "lightningcss-linux-x64-gnu@npm:1.32.0"
  conditions: os=linux & cpu=x64 & libc=glibc
  languageName: node
  linkType: hard

"lightningcss-linux-x64-musl@npm:1.32.0":
  version: 1.32.0
  resolution: "lightningcss-linux-x64-musl@npm:1.32.0"
  conditions: os=linux & cpu=x64 & libc=musl
  languageName: node
  linkType: hard

"lightningcss-win32-arm64-msvc@npm:1.32.0":
  version: 1.32.0
  resolution: "lightningcss-win32-arm64-msvc@npm:1.32.0"
  conditions: os=win32 & cpu=arm64
  languageName: node
  linkType: hard

"lightningcss-win32-x64-msvc@npm:1.32.0":
  version: 1.32.0
  resolution: "lightningcss-win32-x64-msvc@npm:1.32.0"
  conditions: os=win32 & cpu=x64
  languageName: node
  linkType: hard

"lightningcss@npm:^1.32.0":
  version: 1.32.0
  resolution: "lightningcss@npm:1.32.0"
  dependencies:
    detect-libc: "npm:^2.0.3"
    lightningcss-android-arm64: "npm:1.32.0"
    lightningcss-darwin-arm64: "npm:1.32.0"
    lightningcss-darwin-x64: "npm:1.32.0"
    lightningcss-freebsd-x64: "npm:1.32.0"
    lightningcss-linux-arm-gnueabihf: "npm:1.32.0"
    lightningcss-linux-arm64-gnu: "npm:1.32.0"
    lightningcss-linux-arm64-musl: "npm:1.32.0"
    lightningcss-linux-x64-gnu: "npm:1.32.0"
    lightningcss-linux-x64-musl: "npm:1.32.0"
    lightningcss-win32-arm64-msvc: "npm:1.32.0"
    lightningcss-win32-x64-msvc: "npm:1.32.0"
  dependenciesMeta:
    lightningcss-android-arm64:
      optional: true
    lightningcss-darwin-arm64:
      optional: true
    lightningcss-darwin-x64:
      optional: true
    lightningcss-freebsd-x64:
      optional: true
    lightningcss-linux-arm-gnueabihf:
      optional: true
    lightningcss-linux-arm64-gnu:
      optional: true
    lightningcss-linux-arm64-musl:
      optional: true
    lightningcss-linux-x64-gnu:
      optional: true
    lightningcss-linux-x64-musl:
      optional: true
    lightningcss-win32-arm64-msvc:
      optional: true
    lightningcss-win32-x64-msvc:
      optional: true
  checksum: 10c0/70945bd55097af46fc9fab7f5ed09cd5869d85940a2acab7ee06d0117004a1d68155708a2d462531cea2fc3c67aefc9333a7068c80b0b78dd404c16838809e03
  languageName: node
  linkType: hard

"minipass@npm:^7.0.4, minipass@npm:^7.1.2":
  version: 7.1.3
  resolution: "minipass@npm:7.1.3"
  checksum: 10c0/539da88daca16533211ea5a9ee98dc62ff5742f531f54640dd34429e621955e91cc280a91a776026264b7f9f6735947629f920944e9c1558369e8bf22eb33fbb
  languageName: node
  linkType: hard

"minizlib@npm:^3.1.0":
  version: 3.1.0
  resolution: "minizlib@npm:3.1.0"
  dependencies:
    minipass: "npm:^7.1.2"
  checksum: 10c0/5aad75ab0090b8266069c9aabe582c021ae53eb33c6c691054a13a45db3b4f91a7fb1bd79151e6b4e9e9a86727b522527c0a06ec7d45206b745d54cd3097bcec
  languageName: node
  linkType: hard

"nanoid@npm:^3.3.12":
  version: 3.3.16
  resolution: "nanoid@npm:3.3.16"
  bin:
    nanoid: bin/nanoid.cjs
  checksum: 10c0/bbf2dcffe22d2b62d16de2711752070b539c0f644c7916f823ad6521986b2078cbe524f2d6240f58c46e9141ea0c7b87a029e100c0f7f175228cacaf30e41bba
  languageName: node
  linkType: hard

"node-gyp@npm:latest":
  version: 13.0.1
  resolution: "node-gyp@npm:13.0.1"
  dependencies:
    env-paths: "npm:^2.2.0"
    exponential-backoff: "npm:^3.1.1"
    graceful-fs: "npm:^4.2.6"
    nopt: "npm:^10.0.0"
    proc-log: "npm:^7.0.0"
    semver: "npm:^7.3.5"
    tar: "npm:^7.5.4"
    tinyglobby: "npm:^0.2.12"
    undici: "npm:^8.4.1"
    which: "npm:^7.0.0"
  bin:
    node-gyp: bin/node-gyp.js
  checksum: 10c0/424077bc9e9bbe953a8e86db473ba818cbc6a121714008c977fd589e21e5f0c811fbf22faac730dc7182450b5e52df301811d01ae3373898658d999b7710f4e6
  languageName: node
  linkType: hard

"nopt@npm:^10.0.0":
  version: 10.0.1
  resolution: "nopt@npm:10.0.1"
  dependencies:
    abbrev: "npm:^5.0.0"
  bin:
    nopt: bin/nopt.js
  checksum: 10c0/980d89257f9587f3e1f77877ddbf905d6aa3b738ec33e49a4fa1a059a0dd82eb28063982b150654a7ae9de386f2ead60e56172db7d37cf56de545f7392a2a26a
  languageName: node
  linkType: hard

"parse-svg-path@npm:^0.2.0":
  version: 0.2.0
  resolution: "parse-svg-path@npm:0.2.0"
  checksum: 10c0/a6089505fd63ce43c873c616e6eb7fa85f88644bb38fadd5c2b66a1e30c77275d391049e5c6cd4be09520f191e1e2d37d173b6470f9aa6f548a2fff6f649894a
  languageName: node
  linkType: hard

"picocolors@npm:^1.1.1":
  version: 1.1.1
  resolution: "picocolors@npm:1.1.1"
  checksum: 10c0/e2e3e8170ab9d7c7421969adaa7e1b31434f789afb9b3f115f6b96d91945041ac3ceb02e9ec6fe6510ff036bcc0bf91e69a1772edc0b707e12b19c0f2d6bcf58
  languageName: node
  linkType: hard

"picomatch@npm:^4.0.4":
  version: 4.0.5
  resolution: "picomatch@npm:4.0.5"
  checksum: 10c0/947bc6b6e1ff1e6c5aaf95b107a0839d12802f4f7b867663f67d47accba939ca1cb582cf99dfc30438efa1c4648ac5990967e783e8929c36b03e8440704ef1bd
  languageName: node
  linkType: hard

"pixi-filters@npm:^6.1.5":
  version: 6.1.5
  resolution: "pixi-filters@npm:6.1.5"
  dependencies:
    "@types/gradient-parser": "npm:^0.1.2"
  peerDependencies:
    pixi.js: ">=8.0.0-0"
  checksum: 10c0/e0cf1586454532b4438d72acced2da8558ee2292b61474395aa60c8c6d92c1337f9a4370d5c0b441fc6010aecbe2065e88a7415bc7c5dbc10d34f0372bae08cd
  languageName: node
  linkType: hard

"pixi.js@npm:8.19.0":
  version: 8.19.0
  resolution: "pixi.js@npm:8.19.0"
  dependencies:
    "@pixi/colord": "npm:^2.9.6"
    "@types/earcut": "npm:^3.0.0"
    "@webgpu/types": "npm:^0.1.69"
    "@xmldom/xmldom": "npm:^0.8.13"
    earcut: "npm:^3.0.2"
    eventemitter3: "npm:^5.0.1"
    gifuct-js: "npm:^2.1.2"
    ismobilejs: "npm:^1.1.1"
    parse-svg-path: "npm:^0.2.0"
    tiny-lru: "npm:^11.4.7"
  checksum: 10c0/ba0e688bc7bef70ffd205e67ccdcc915fbb96aba6a41eb14d10e03e6ac1dd9055135e34d09256750d88702bb034b968f17a77d5ac68848518b8b6db0012f1f1c
  languageName: node
  linkType: hard

"postcss@npm:^8.5.16":
  version: 8.5.19
  resolution: "postcss@npm:8.5.19"
  dependencies:
    nanoid: "npm:^3.3.12"
    picocolors: "npm:^1.1.1"
    source-map-js: "npm:^1.2.1"
  checksum: 10c0/302af9e4dfa8cce4f43af1798576b3a77ab7b23abac5522328c6c7a830d49b31281cba9d6071e478e6970a05ef82346d1570b8fbffae912f26a4f1a1a07f0a44
  languageName: node
  linkType: hard

"prettier@npm:3.9.5":
  version: 3.9.5
  resolution: "prettier@npm:3.9.5"
  bin:
    prettier: bin/prettier.cjs
  checksum: 10c0/0349dd9e6d8010965de6f69e6b6ee2484b8caf78c66675afced6c75ad60ff24c3a2a4f41153fb8adeaee4d8f539641b48cebc71d283cec4d146e9962126c5ceb
  languageName: node
  linkType: hard

"proc-log@npm:^7.0.0":
  version: 7.0.0
  resolution: "proc-log@npm:7.0.0"
  checksum: 10c0/b89c2d862604f35fec795477b0c7e376feab3ba0d4f4d291c4e959567442697cf451ac557d0623c1cc38af45a78128b983410f397a10c5d3a67f76c33de4754b
  languageName: node
  linkType: hard

"react-dom@npm:19.2.3":
  version: 19.2.3
  resolution: "react-dom@npm:19.2.3"
  dependencies:
    scheduler: "npm:^0.27.0"
  peerDependencies:
    react: ^19.2.3
  checksum: 10c0/dc43f7ede06f46f3acc16ee83107c925530de9b91d1d0b3824583814746ff4c498ea64fd65cd83aba363205268adff52e2827c582634ae7b15069deaeabc4892
  languageName: node
  linkType: hard

"react-reconciler@npm:0.31.0":
  version: 0.31.0
  resolution: "react-reconciler@npm:0.31.0"
  dependencies:
    scheduler: "npm:^0.25.0"
  peerDependencies:
    react: ^19.0.0
  checksum: 10c0/97920e1866c7206e200c3920c133c2e85f62a3c54fd9bc4b83c10c558d83d98eb378caab4fe37498e0cc1b1b2665d898627f2ae2537b29c8ab295ec8abc0c580
  languageName: node
  linkType: hard

"react@npm:19.2.3":
  version: 19.2.3
  resolution: "react@npm:19.2.3"
  checksum: 10c0/094220b3ba3a76c1b668f972ace1dd15509b157aead1b40391d1c8e657e720c201d9719537375eff08f5e0514748c0319063392a6f000e31303aafc4471f1436
  languageName: node
  linkType: hard

"rolldown@npm:~1.1.3":
  version: 1.1.5
  resolution: "rolldown@npm:1.1.5"
  dependencies:
    "@oxc-project/types": "npm:=0.139.0"
    "@rolldown/binding-android-arm64": "npm:1.1.5"
    "@rolldown/binding-darwin-arm64": "npm:1.1.5"
    "@rolldown/binding-darwin-x64": "npm:1.1.5"
    "@rolldown/binding-freebsd-x64": "npm:1.1.5"
    "@rolldown/binding-linux-arm-gnueabihf": "npm:1.1.5"
    "@rolldown/binding-linux-arm64-gnu": "npm:1.1.5"
    "@rolldown/binding-linux-arm64-musl": "npm:1.1.5"
    "@rolldown/binding-linux-ppc64-gnu": "npm:1.1.5"
    "@rolldown/binding-linux-s390x-gnu": "npm:1.1.5"
    "@rolldown/binding-linux-x64-gnu": "npm:1.1.5"
    "@rolldown/binding-linux-x64-musl": "npm:1.1.5"
    "@rolldown/binding-openharmony-arm64": "npm:1.1.5"
    "@rolldown/binding-wasm32-wasi": "npm:1.1.5"
    "@rolldown/binding-win32-arm64-msvc": "npm:1.1.5"
    "@rolldown/binding-win32-x64-msvc": "npm:1.1.5"
    "@rolldown/pluginutils": "npm:^1.0.0"
  dependenciesMeta:
    "@rolldown/binding-android-arm64":
      optional: true
    "@rolldown/binding-darwin-arm64":
      optional: true
    "@rolldown/binding-darwin-x64":
      optional: true
    "@rolldown/binding-freebsd-x64":
      optional: true
    "@rolldown/binding-linux-arm-gnueabihf":
      optional: true
    "@rolldown/binding-linux-arm64-gnu":
      optional: true
    "@rolldown/binding-linux-arm64-musl":
      optional: true
    "@rolldown/binding-linux-ppc64-gnu":
      optional: true
    "@rolldown/binding-linux-s390x-gnu":
      optional: true
    "@rolldown/binding-linux-x64-gnu":
      optional: true
    "@rolldown/binding-linux-x64-musl":
      optional: true
    "@rolldown/binding-openharmony-arm64":
      optional: true
    "@rolldown/binding-wasm32-wasi":
      optional: true
    "@rolldown/binding-win32-arm64-msvc":
      optional: true
    "@rolldown/binding-win32-x64-msvc":
      optional: true
  bin:
    rolldown: ./bin/cli.mjs
  checksum: 10c0/93072aa9d95882f9fa5cd57fe7db6a48efd6f85a25a32137425052ecca02df653651eed0c33a865c33511681bd6a40691d5c88900b8e95ce1334f4f75ba826ff
  languageName: node
  linkType: hard

"root-workspace-0b6124@workspace:.":
  version: 0.0.0-use.local
  resolution: "root-workspace-0b6124@workspace:."
  dependencies:
    "@oh/queue": "npm:@jsr/oh__queue@1.1.1"
    "@openhotel/pixi-components": "npm:0.1.9"
    "@rollup/plugin-alias": "npm:5.1.0"
    "@thumbmarkjs/thumbmarkjs": "npm:1.10.0"
    "@types/js-cookie": "npm:3.0.6"
    "@types/react": "npm:19.2.17"
    "@types/react-dom": "npm:19.2.3"
    "@vitejs/plugin-react": "npm:6.0.3"
    alea: "npm:^1.0.1"
    dayjs: "npm:1.11.21"
    js-cookie: "npm:3.0.8"
    pixi-filters: "npm:^6.1.5"
    prettier: "npm:3.9.5"
    react: "npm:19.2.3"
    react-dom: "npm:19.2.3"
    simplex-noise: "npm:^4.0.3"
    ulidx: "npm:2.4.1"
    vite: "npm:8.1.3"
    zustand: "npm:5.0.14"
  languageName: unknown
  linkType: soft

"scheduler@npm:^0.25.0":
  version: 0.25.0
  resolution: "scheduler@npm:0.25.0"
  checksum: 10c0/a4bb1da406b613ce72c1299db43759526058fdcc413999c3c3e0db8956df7633acf395cb20eb2303b6a65d658d66b6585d344460abaee8080b4aa931f10eaafe
  languageName: node
  linkType: hard

"scheduler@npm:^0.27.0":
  version: 0.27.0
  resolution: "scheduler@npm:0.27.0"
  checksum: 10c0/4f03048cb05a3c8fddc45813052251eca00688f413a3cee236d984a161da28db28ba71bd11e7a3dd02f7af84ab28d39fb311431d3b3772fed557945beb00c452
  languageName: node
  linkType: hard

"semver@npm:^7.3.5":
  version: 7.8.5
  resolution: "semver@npm:7.8.5"
  bin:
    semver: bin/semver.js
  checksum: 10c0/b1f3127a5be8125a94f37188b361c212466c292c6910adce3ec106cff5dc211ccaedc4739c11bb70fda59d6fc1f040a9bca289f4e093451521a2372e5231fe0c
  languageName: node
  linkType: hard

"simplex-noise@npm:^4.0.3":
  version: 4.0.3
  resolution: "simplex-noise@npm:4.0.3"
  checksum: 10c0/117b7f85abd90f3dc63817ed790705ff0fb50cb0bf396a8fc8fa1443265e4b2529429bb34992e43e7b27d6cacb9059f37fa52a37e59c52f51698ad0d3038d0f3
  languageName: node
  linkType: hard

"slash@npm:^4.0.0":
  version: 4.0.0
  resolution: "slash@npm:4.0.0"
  checksum: 10c0/b522ca75d80d107fd30d29df0549a7b2537c83c4c4ecd12cd7d4ea6c8aaca2ab17ada002e7a1d78a9d736a0261509f26ea5b489082ee443a3a810586ef8eff18
  languageName: node
  linkType: hard

"source-map-js@npm:^1.2.1":
  version: 1.2.1
  resolution: "source-map-js@npm:1.2.1"
  checksum: 10c0/7bda1fc4c197e3c6ff17de1b8b2c20e60af81b63a52cb32ec5a5d67a20a7d42651e2cb34ebe93833c5a2a084377e17455854fee3e21e7925c64a51b6a52b0faf
  languageName: node
  linkType: hard

"tar@npm:^7.5.4":
  version: 7.5.20
  resolution: "tar@npm:7.5.20"
  dependencies:
    "@isaacs/fs-minipass": "npm:^4.0.0"
    chownr: "npm:^3.0.0"
    minipass: "npm:^7.1.2"
    minizlib: "npm:^3.1.0"
    yallist: "npm:^5.0.0"
  checksum: 10c0/4df4335c6d958b76adf1eaced55889dec3ca1c51f450658a074af80694bb0d9c154a8e93fdf4da617372d1575b121295379993961bbe4cd4b0867c0e5689846a
  languageName: node
  linkType: hard

"tiny-lru@npm:^11.4.7":
  version: 11.4.7
  resolution: "tiny-lru@npm:11.4.7"
  checksum: 10c0/2cd65b987396e331ddcef57133b3f0cb30c832641a215a2e627af04941c839ca6772f216b238e96500b4747f39b434d129cec4c0a25db3beb08c8f3d448a2705
  languageName: node
  linkType: hard

"tinyglobby@npm:^0.2.12, tinyglobby@npm:^0.2.17":
  version: 0.2.17
  resolution: "tinyglobby@npm:0.2.17"
  dependencies:
    fdir: "npm:^6.5.0"
    picomatch: "npm:^4.0.4"
  checksum: 10c0/7f7bb0f197c88bc4b20c231e0deca4240ca3bf313a88f5a7fee93a872b84966a4d50220947c0455ad07a60b3b360961c5b7fd979222aeb716a9f99b412002e4c
  languageName: node
  linkType: hard

"tslib@npm:^2.4.0":
  version: 2.8.1
  resolution: "tslib@npm:2.8.1"
  checksum: 10c0/9c4759110a19c53f992d9aae23aac5ced636e99887b51b9e61def52611732872ff7668757d4e4c61f19691e36f4da981cd9485e869b4a7408d689f6bf1f14e62
  languageName: node
  linkType: hard

"ulidx@npm:2.4.1":
  version: 2.4.1
  resolution: "ulidx@npm:2.4.1"
  dependencies:
    layerr: "npm:^3.0.0"
  checksum: 10c0/3cbe05123b4b49d262e26cd0edd3ac38a4f9e97f043d47ae7daa88502748881d1615d832e3bcb29698ca2429947c24494929ba35b40d6bf38df891cb15642d2e
  languageName: node
  linkType: hard

"undici@npm:^8.4.1":
  version: 8.7.0
  resolution: "undici@npm:8.7.0"
  checksum: 10c0/b7e5ecb4de82fa4f905011a77544fe7ba4da06f27167ff99313a7ae2869f3cb233d676dcd085533bc69f36989bc40871f5ae6ea6e4c9b91db92616b9e91b579d
  languageName: node
  linkType: hard

"vite@npm:8.1.3":
  version: 8.1.3
  resolution: "vite@npm:8.1.3"
  dependencies:
    fsevents: "npm:~2.3.3"
    lightningcss: "npm:^1.32.0"
    picomatch: "npm:^4.0.4"
    postcss: "npm:^8.5.16"
    rolldown: "npm:~1.1.3"
    tinyglobby: "npm:^0.2.17"
  peerDependencies:
    "@types/node": ^20.19.0 || >=22.12.0
    "@vitejs/devtools": ^0.3.0
    esbuild: ^0.27.0 || ^0.28.0
    jiti: ">=1.21.0"
    less: ^4.0.0
    sass: ^1.70.0
    sass-embedded: ^1.70.0
    stylus: ">=0.54.8"
    sugarss: ^5.0.0
    terser: ^5.16.0
    tsx: ^4.8.1
    yaml: ^2.4.2
  dependenciesMeta:
    fsevents:
      optional: true
  peerDependenciesMeta:
    "@types/node":
      optional: true
    "@vitejs/devtools":
      optional: true
    esbuild:
      optional: true
    jiti:
      optional: true
    less:
      optional: true
    sass:
      optional: true
    sass-embedded:
      optional: true
    stylus:
      optional: true
    sugarss:
      optional: true
    terser:
      optional: true
    tsx:
      optional: true
    yaml:
      optional: true
  bin:
    vite: bin/vite.js
  checksum: 10c0/e3c95e95f9c19b36be3c9d1c4de7f57d24d5af71613a221cfa22f1fd1568adebdb640e30ef9a7f2361fbb15478883955c9d8932e4fa5566280dd7a16bffa64f9
  languageName: node
  linkType: hard

"which@npm:^7.0.0":
  version: 7.0.0
  resolution: "which@npm:7.0.0"
  dependencies:
    isexe: "npm:^4.0.0"
  bin:
    node-which: bin/which.js
  checksum: 10c0/ca0b54f198f78bbc4b7c02e34bda8d335cb352e0adb4cbca1c37b1a957af3a879a82c4c27ca6525bc942f548d8b64f816ef6528360af9f3de55ffb9b979b620d
  languageName: node
  linkType: hard

"yallist@npm:^5.0.0":
  version: 5.0.0
  resolution: "yallist@npm:5.0.0"
  checksum: 10c0/a499c81ce6d4a1d260d4ea0f6d49ab4da09681e32c3f0472dee16667ed69d01dae63a3b81745a24bd78476ec4fcf856114cb4896ace738e01da34b2c42235416
  languageName: node
  linkType: hard

"zustand@npm:5.0.14, zustand@npm:^5.0.3":
  version: 5.0.14
  resolution: "zustand@npm:5.0.14"
  peerDependencies:
    "@types/react": ">=18.0.0"
    immer: ">=9.0.6"
    react: ">=18.0.0"
    use-sync-external-store: ">=1.2.0"
  peerDependenciesMeta:
    "@types/react":
      optional: true
    immer:
      optional: true
    react:
      optional: true
    use-sync-external-store:
      optional: true
  checksum: 10c0/89de0c8119f1e0861b2f896a0b4df0d67994a373ecee02628d4e7b97cee1885207f646917d3ede395c3a5083316d48846855cfbc84aced7cd23a6db3238930a8
  languageName: node
  linkType: hard
